
Microsoft Visual Studio Solution File, Format Version 12.00
# Visual Studio Version 17
VisualStudioVersion = 17.2.32526.322
MinimumVisualStudioVersion = 10.0.40219.1
Project("{9A19103F-16F7-4668-BE54-9A1E7A4F7556}") = "MovieApi", "MovieApi\MovieApi.csproj", "{E3C34504-216D-4DCF-9E0E-1260DB6CCC6D}"
EndProject
Project("{9A19103F-16F7-4668-BE54-9A1E7A4F7556}") = "Contracts", "Contracts\Contracts.csproj", "{F0643214-0194-4785-AB5D-1F2807236168}"
EndProject
Project("{9A19103F-16F7-4668-BE54-9A1E7A4F7556}") = "LoggerService", "LoggerService\LoggerService.csproj", "{6309A27A-524F-4223-84BF-EF5956809CDB}"
EndProject
Project("{9A19103F-16F7-4668-BE54-9A1E7A4F7556}") = "Entities", "Entities\Entities.csproj", "{CF9AC3FB-0FCA-4368-941D-9742A5C4F6F7}"
EndProject
Project("{9A19103F-16F7-4668-BE54-9A1E7A4F7556}") = "Repository", "Repository\Repository.csproj", "{C7611B66-C67F-43C7-8E12-77CD81843961}"
EndProject
Project("{9A19103F-16F7-4668-BE54-9A1E7A4F7556}") = "Service.Contracts", "Service.Contracts\Service.Contracts.csproj", "{D4221FBD-71BE-44DD-A7A1-B729EE3D620D}"
EndProject
Project("{9A19103F-16F7-4668-BE54-9A1E7A4F7556}") = "Service", "Service\Service.csproj", "{BE87C3A2-DBE9-4D5B-BBC1-DE79819321A8}"
EndProject
Project("{FAE04EC0-301F-11D3-BF4B-00C04F79EFBC}") = "MovieApi.Presentation", "MovieApi.Presentation\MovieApi.Presentation.csproj", "{D18B22DE-D580-458E-89FD-FA404F065502}"
EndProject
Project("{FAE04EC0-301F-11D3-BF4B-00C04F79EFBC}") = "Shared", "Shared\Shared.csproj", "{8DB59291-B674-46B8-A938-BBB35931394A}"
EndProject
Global
	GlobalSection(SolutionConfigurationPlatforms) = preSolution
		Debug|Any CPU = Debug|Any CPU
		Release|Any CPU = Release|Any CPU
	EndGlobalSection
	GlobalSection(ProjectConfigurationPlatforms) = postSolution
		{E3C34504-216D-4DCF-9E0E-1260DB6CCC6D}.Debug|Any CPU.ActiveCfg = Debug|Any CPU
		{E3C34504-216D-4DCF-9E0E-1260DB6CCC6D}.Debug|Any CPU.Build.0 = Debug|Any CPU
		{E3C34504-216D-4DCF-9E0E-1260DB6CCC6D}.Release|Any CPU.ActiveCfg = Release|Any CPU
		{E3C34504-216D-4DCF-9E0E-1260DB6CCC6D}.Release|Any CPU.Build.0 = Release|Any CPU
		{F0643214-0194-4785-AB5D-1F2807236168}.Debug|Any CPU.ActiveCfg = Debug|Any CPU
		{F0643214-0194-4785-AB5D-1F2807236168}.Debug|Any CPU.Build.0 = Debug|Any CPU
		{F0643214-0194-4785-AB5D-1F2807236168}.Release|Any CPU.ActiveCfg = Release|Any CPU
		{F0643214-0194-4785-AB5D-1F2807236168}.Release|Any CPU.Build.0 = Release|Any CPU
		{6309A27A-524F-4223-84BF-EF5956809CDB}.Debug|Any CPU.ActiveCfg = Debug|Any CPU
		{6309A27A-524F-4223-84BF-EF5956809CDB}.Debug|Any CPU.Build.0 = Debug|Any CPU
		{6309A27A-524F-4223-84BF-EF5956809CDB}.Release|Any CPU.ActiveCfg = Release|Any CPU
		{6309A27A-524F-4223-84BF-EF5956809CDB}.Release|Any CPU.Build.0 = Release|Any CPU
		{CF9AC3FB-0FCA-4368-941D-9742A5C4F6F7}.Debug|Any CPU.ActiveCfg = Debug|Any CPU
		{CF9AC3FB-0FCA-4368-941D-9742A5C4F6F7}.Debug|Any CPU.Build.0 = Debug|Any CPU
		{CF9AC3FB-0FCA-4368-941D-9742A5C4F6F7}.Release|Any CPU.ActiveCfg = Release|Any CPU
		{CF9AC3FB-0FCA-4368-941D-9742A5C4F6F7}.Release|Any CPU.Build.0 = Release|Any CPU
		{C7611B66-C67F-43C7-8E12-77CD81843961}.Debug|Any CPU.ActiveCfg = Debug|Any CPU
		{C7611B66-C67F-43C7-8E12-77CD81843961}.Debug|Any CPU.Build.0 = Debug|Any CPU
		{C7611B66-C67F-43C7-8E12-77CD81843961}.Release|Any CPU.ActiveCfg = Release|Any CPU
		{C7611B66-C67F-43C7-8E12-77CD81843961}.Release|Any CPU.Build.0 = Release|Any CPU
		{D4221FBD-71BE-44DD-A7A1-B729EE3D620D}.Debug|Any CPU.ActiveCfg = Debug|Any CPU
		{D4221FBD-71BE-44DD-A7A1-B729EE3D620D}.Debug|Any CPU.Build.0 = Debug|Any CPU
		{D4221FBD-71BE-44DD-A7A1-B729EE3D620D}.Release|Any CPU.ActiveCfg = Release|Any CPU
		{D4221FBD-71BE-44DD-A7A1-B729EE3D620D}.Release|Any CPU.Build.0 = Release|Any CPU
		{BE87C3A2-DBE9-4D5B-BBC1-DE79819321A8}.Debug|Any CPU.ActiveCfg = Debug|Any CPU
		{BE87C3A2-DBE9-4D5B-BBC1-DE79819321A8}.Debug|Any CPU.Build.0 = Debug|Any CPU
		{BE87C3A2-DBE9-4D5B-BBC1-DE79819321A8}.Release|Any CPU.ActiveCfg = Release|Any CPU
		{BE87C3A2-DBE9-4D5B-BBC1-DE79819321A8}.Release|Any CPU.Build.0 = Release|Any CPU
		{D18B22DE-D580-458E-89FD-FA404F065502}.Debug|Any CPU.ActiveCfg = Debug|Any CPU
		{D18B22DE-D580-458E-89FD-FA404F065502}.Debug|Any CPU.Build.0 = Debug|Any CPU
		{D18B22DE-D580-458E-89FD-FA404F065502}.Release|Any CPU.ActiveCfg = Release|Any CPU
		{D18B22DE-D580-458E-89FD-FA404F065502}.Release|Any CPU.Build.0 = Release|Any CPU
		{8DB59291-B674-46B8-A938-BBB35931394A}.Debug|Any CPU.ActiveCfg = Debug|Any CPU
		{8DB59291-B674-46B8-A938-BBB35931394A}.Debug|Any CPU.Build.0 = Debug|Any CPU
		{8DB59291-B674-46B8-A938-BBB35931394A}.Release|Any CPU.ActiveCfg = Release|Any CPU
		{8DB59291-B674-46B8-A938-BBB35931394A}.Release|Any CPU.Build.0 = Release|Any CPU
	EndGlobalSection
	GlobalSection(SolutionProperties) = preSolution
		HideSolutionNode = FALSE
	EndGlobalSection
	GlobalSection(ExtensibilityGlobals) = postSolution
		SolutionGuid = {E0120E49-7252-42DB-B863-1D937C61E807}
	EndGlobalSection
EndGlobal
